version = 1
revision = 1
requires-python = ">=3.11"

[[package]]
name = "et-xmlfile"
version = "2.0.0"
source = { registry = "https://pypi.org/simple" }
sdist = { url = "https://files.pythonhosted.org/packages/d3/38/af70d7ab1ae9d4da450eeec1fa3918940a5fafb9055e934af8d6eb0c2313/et_xmlfile-2.0.0.tar.gz", hash = "sha256:dab3f4764309081ce75662649be815c4c9081e88f0837825f90fd28317d4da54", size = 17234 }
wheels = [
    { url = "https://files.pythonhosted.org/packages/c1/8b/5fe2cc11fee489817272089c4203e679c63b570a5aaeb18d852ae3cbba6a/et_xmlfile-2.0.0-py3-none-any.whl", hash = "sha256:7a91720bc756843502c3b7504c77b8fe44217c85c537d85037f0f536151b2caa", size = 18059 },
]

[[package]]
name = "fake-excel"
version = "0.1.0"
source = { editable = "." }
dependencies = [
    { name = "faker" },
    { name = "pyexcel" },
    { name = "pyexcel-xlsx" },
]

[package.metadata]
requires-dist = [
    { name = "faker", specifier = ">=36.2.2" },
    { name = "pyexcel", specifier = ">=0.7.1" },
    { name = "pyexcel-xlsx", specifier = ">=0.6.1" },
]

[[package]]
name = "faker"
version = "36.2.2"
source = { registry = "https://pypi.org/simple" }
dependencies = [
    { name = "tzdata" },
]
sdist = { url = "https://files.pythonhosted.org/packages/ee/6c/412b064e33d11b351ef8945e4cc0ab56aa156e107c71610c4af96bd5d72c/faker-36.2.2.tar.gz", hash = "sha256:758bc63a26dc878fa0d76aa7639b8b65327927980ed0c3683b23bd8a5182f33f", size = 1874990 }
wheels = [
    { url = "https://files.pythonhosted.org/packages/28/30/3e81fdb631115c37ef81ad8bd342bf3fa52e66366bbed65a367a9137f8b9/faker-36.2.2-py3-none-any.whl", hash = "sha256:14adc340dc8abed5264142ffafe6f1a0f99cf7a7525bc6863755efd5fbbd0692", size = 1918206 },
]

[[package]]
name = "lml"
version = "0.1.0"
source = { registry = "https://pypi.org/simple" }
sdist = { url = "https://files.pythonhosted.org/packages/c5/5a/006d93401d382f82584711c848826ac24bce9d79eb19d25da9cf1d783815/lml-0.1.0.tar.gz", hash = "sha256:57a085a29bb7991d70d41c6c3144c560a8e35b4c1030ffb36d85fa058773bcc5", size = 42010 }
wheels = [
    { url = "https://files.pythonhosted.org/packages/10/76/b0967eae4af4b7ea22e8b8ece6f7655fb6a3f4f49428f41910f53a552e1e/lml-0.1.0-py2.py3-none-any.whl", hash = "sha256:ec06e850019942a485639c8c2a26bdb99eae24505bee7492b649df98a0bed101", size = 10869 },
]

[[package]]
name = "openpyxl"
version = "3.1.5"
source = { registry = "https://pypi.org/simple" }
dependencies = [
    { name = "et-xmlfile" },
]
sdist = { url = "https://files.pythonhosted.org/packages/3d/f9/88d94a75de065ea32619465d2f77b29a0469500e99012523b91cc4141cd1/openpyxl-3.1.5.tar.gz", hash = "sha256:cf0e3cf56142039133628b5acffe8ef0c12bc902d2aadd3e0fe5878dc08d1050", size = 186464 }
wheels = [
    { url = "https://files.pythonhosted.org/packages/c0/da/977ded879c29cbd04de313843e76868e6e13408a94ed6b987245dc7c8506/openpyxl-3.1.5-py2.py3-none-any.whl", hash = "sha256:5282c12b107bffeef825f4617dc029afaf41d0ea60823bbb665ef3079dc79de2", size = 250910 },
]

[[package]]
name = "pyexcel"
version = "0.7.1"
source = { registry = "https://pypi.org/simple" }
dependencies = [
    { name = "lml" },
    { name = "pyexcel-io" },
    { name = "texttable" },
]
sdist = { url = "https://files.pythonhosted.org/packages/9a/d5/c2438b59cc1a61e72dba86aabaa3e5dcbb1489aef24a43ed17304ec322c2/pyexcel-0.7.1.tar.gz", hash = "sha256:c875991c1de901406345d13c7dde6c4acfd5f08b16af6c4a881a52c6c3c3ab06", size = 819405 }
wheels = [
    { url = "https://files.pythonhosted.org/packages/a9/39/72a95e9327fe27d0597adce3c317d23e45ca899df335313e6ba20464b8fc/pyexcel-0.7.1-py2.py3-none-any.whl", hash = "sha256:3306e66e24ef24e34399d329a508d669884a3577a557679c94edda9efc88b834", size = 88746 },
]

[[package]]
name = "pyexcel-io"
version = "0.6.7"
source = { registry = "https://pypi.org/simple" }
dependencies = [
    { name = "lml" },
]
sdist = { url = "https://files.pythonhosted.org/packages/ea/0e/2d8c933d560d290113cc8e6a354260758cdd356308f6fd3be5be5898784b/pyexcel_io-0.6.7.tar.gz", hash = "sha256:2c33d8df505e21a13bed585ac6ab7d30ec826a9f156b758394af5d22359bddb9", size = 75856 }
wheels = [
    { url = "https://files.pythonhosted.org/packages/7d/95/44376fb9c5a8200167fc7beac640be3522f85c07297a810865c5ad3fe440/pyexcel_io-0.6.7-py2.py3-none-any.whl", hash = "sha256:add9f3c1489070ab0a3226bab7d23d4b84a364f5b44f3a14e2ce785ede88fcb3", size = 44476 },
]

[[package]]
name = "pyexcel-xlsx"
version = "0.6.1"
source = { registry = "https://pypi.org/simple" }
dependencies = [
    { name = "openpyxl" },
    { name = "pyexcel-io" },
]
sdist = { url = "https://files.pythonhosted.org/packages/b0/a2/f54dd1f3c57c8a7fc7ac40bf96688f5725fd33becf104f1468ef284ffb4c/pyexcel_xlsx-0.6.1.tar.gz", hash = "sha256:80b7985d394b73abf5c52212027bbbc0c7f6090192bcbc76403f8672d74c7960", size = 77429 }
wheels = [
    { url = "https://files.pythonhosted.org/packages/13/c6/d4f75ee10e7a9eee804c301bc369918bb33bbbeec17ddcd4d0225543ea83/pyexcel_xlsx-0.6.1-py2.py3-none-any.whl", hash = "sha256:c17d8c90ae6c2ae5672e469e6afe4336597e4ff479e5a93ba846ae46b7b80769", size = 9501 },
]

[[package]]
name = "texttable"
version = "1.7.0"
source = { registry = "https://pypi.org/simple" }
sdist = { url = "https://files.pythonhosted.org/packages/1c/dc/0aff23d6036a4d3bf4f1d8c8204c5c79c4437e25e0ae94ffe4bbb55ee3c2/texttable-1.7.0.tar.gz", hash = "sha256:2d2068fb55115807d3ac77a4ca68fa48803e84ebb0ee2340f858107a36522638", size = 12831 }
wheels = [
    { url = "https://files.pythonhosted.org/packages/24/99/4772b8e00a136f3e01236de33b0efda31ee7077203ba5967fcc76da94d65/texttable-1.7.0-py2.py3-none-any.whl", hash = "sha256:72227d592c82b3d7f672731ae73e4d1f88cd8e2ef5b075a7a7f01a23a3743917", size = 10768 },
]

[[package]]
name = "tzdata"
version = "2025.1"
source = { registry = "https://pypi.org/simple" }
sdist = { url = "https://files.pythonhosted.org/packages/43/0f/fa4723f22942480be4ca9527bbde8d43f6c3f2fe8412f00e7f5f6746bc8b/tzdata-2025.1.tar.gz", hash = "sha256:24894909e88cdb28bd1636c6887801df64cb485bd593f2fd83ef29075a81d694", size = 194950 }
wheels = [
    { url = "https://files.pythonhosted.org/packages/0f/dd/84f10e23edd882c6f968c21c2434fe67bd4a528967067515feca9e611e5e/tzdata-2025.1-py2.py3-none-any.whl", hash = "sha256:7e127113816800496f027041c570f50bcd464a020098a3b6b199517772303639", size = 346762 },
]
